
Microsoft Visual Studio Solution File, Format Version 12.00
# Visual Studio Version 17
VisualStudioVersion = 17.0.32014.148
MinimumVisualStudioVersion = 10.0.40219.1
Project("{FAE04EC0-301F-11D3-BF4B-00C04F79EFBC}") = "ConsoleShenanigans", "ConsoleShenanigans\ConsoleShenanigans.csproj", "{D2D3A1EE-EEBD-44DD-BB00-537986E67500}"
EndProject
Project("{FAE04EC0-301F-11D3-BF4B-00C04F79EFBC}") = "ConsoleShenanigansTests", "ConsoleShenanigansTests\ConsoleShenanigansTests.csproj", "{7C3890F1-8481-4B4F-9D42-B2ED9EBA5F86}"
EndProject
Global
	GlobalSection(SolutionConfigurationPlatforms) = preSolution
		Debug|Any CPU = Debug|Any CPU
		Release|Any CPU = Release|Any CPU
	EndGlobalSection
	GlobalSection(ProjectConfigurationPlatforms) = postSolution
		{D2D3A1EE-EEBD-44DD-BB00-537986E67500}.Debug|Any CPU.ActiveCfg = Debug|Any CPU
		{D2D3A1EE-EEBD-44DD-BB00-537986E67500}.Debug|Any CPU.Build.0 = Debug|Any CPU
		{D2D3A1EE-EEBD-44DD-BB00-537986E67500}.Release|Any CPU.ActiveCfg = Release|Any CPU
		{D2D3A1EE-EEBD-44DD-BB00-537986E67500}.Release|Any CPU.Build.0 = Release|Any CPU
		{7C3890F1-8481-4B4F-9D42-B2ED9EBA5F86}.Debug|Any CPU.ActiveCfg = Debug|Any CPU
		{7C3890F1-8481-4B4F-9D42-B2ED9EBA5F86}.Debug|Any CPU.Build.0 = Debug|Any CPU
		{7C3890F1-8481-4B4F-9D42-B2ED9EBA5F86}.Release|Any CPU.ActiveCfg = Release|Any CPU
		{7C3890F1-8481-4B4F-9D42-B2ED9EBA5F86}.Release|Any CPU.Build.0 = Release|Any CPU
	EndGlobalSection
	GlobalSection(SolutionProperties) = preSolution
		HideSolutionNode = FALSE
	EndGlobalSection
	GlobalSection(ExtensibilityGlobals) = postSolution
		SolutionGuid = {0955EE88-3F6A-4FCA-8820-9F64F9FA7E7E}
	EndGlobalSection
EndGlobal
